
Microsoft Visual Studio Solution File, Format Version 12.00
# Visual Studio Version 16
VisualStudioVersion = 16.0.29613.14
MinimumVisualStudioVersion = 10.0.40219.1
Project("{FAE04EC0-301F-11D3-BF4B-00C04F79EFBC}") = "Observer", "Observer\Observer.csproj", "{2942A547-9C50-4384-BD82-77F3EFF1AE98}"
EndProject
Global
	GlobalSection(SolutionConfigurationPlatforms) = preSolution
		Debug|Any CPU = Debug|Any CPU
		Release|Any CPU = Release|Any CPU
	EndGlobalSection
	GlobalSection(ProjectConfigurationPlatforms) = postSolution
		{2942A547-9C50-4384-BD82-77F3EFF1AE98}.Debug|Any CPU.ActiveCfg = Debug|Any CPU
		{2942A547-9C50-4384-BD82-77F3EFF1AE98}.Debug|Any CPU.Build.0 = Debug|Any CPU
		{2942A547-9C50-4384-BD82-77F3EFF1AE98}.Release|Any CPU.ActiveCfg = Release|Any CPU
		{2942A547-9C50-4384-BD82-77F3EFF1AE98}.Release|Any CPU.Build.0 = Release|Any CPU
	EndGlobalSection
	GlobalSection(SolutionProperties) = preSolution
		HideSolutionNode = FALSE
	EndGlobalSection
	GlobalSection(ExtensibilityGlobals) = postSolution
		SolutionGuid = {814B7DD5-9837-4C69-9FEC-7569E99DC828}
	EndGlobalSection
EndGlobal
